
Microsoft Visual Studio Solution File, Format Version 12.00
# Visual Studio Version 17
VisualStudioVersion = 17.6.33829.357
MinimumVisualStudioVersion = 10.0.40219.1
Project("{FAE04EC0-301F-11D3-BF4B-00C04F79EFBC}") = "ToDo", "ToDo\ToDo.csproj", "{820B3839-965B-498C-95B4-A48400124178}"
EndProject
Project("{FAE04EC0-301F-11D3-BF4B-00C04F79EFBC}") = "Entities", "Entities\Entities.csproj", "{9C4AC054-06F6-473B-B0CE-F9511E2C7499}"
EndProject
Project("{FAE04EC0-301F-11D3-BF4B-00C04F79EFBC}") = "DataAccessLayer", "DataAccessLayer\DataAccessLayer.csproj", "{6B282428-6397-4924-A57E-F0A76AC7CEEC}"
EndProject
Project("{FAE04EC0-301F-11D3-BF4B-00C04F79EFBC}") = "Business", "Business\Business.csproj", "{7C505B70-B5C4-4A4E-A8D0-FA1B1BCD2090}"
EndProject
Project("{FAE04EC0-301F-11D3-BF4B-00C04F79EFBC}") = "Core", "Core\Core.csproj", "{D9E47455-7654-4D51-A4DE-0D563C084F0F}"
EndProject
Global
	GlobalSection(SolutionConfigurationPlatforms) = preSolution
		Debug|Any CPU = Debug|Any CPU
		Release|Any CPU = Release|Any CPU
	EndGlobalSection
	GlobalSection(ProjectConfigurationPlatforms) = postSolution
		{820B3839-965B-498C-95B4-A48400124178}.Debug|Any CPU.ActiveCfg = Debug|Any CPU
		{820B3839-965B-498C-95B4-A48400124178}.Debug|Any CPU.Build.0 = Debug|Any CPU
		{820B3839-965B-498C-95B4-A48400124178}.Release|Any CPU.ActiveCfg = Release|Any CPU
		{820B3839-965B-498C-95B4-A48400124178}.Release|Any CPU.Build.0 = Release|Any CPU
		{9C4AC054-06F6-473B-B0CE-F9511E2C7499}.Debug|Any CPU.ActiveCfg = Debug|Any CPU
		{9C4AC054-06F6-473B-B0CE-F9511E2C7499}.Debug|Any CPU.Build.0 = Debug|Any CPU
		{9C4AC054-06F6-473B-B0CE-F9511E2C7499}.Release|Any CPU.ActiveCfg = Release|Any CPU
		{9C4AC054-06F6-473B-B0CE-F9511E2C7499}.Release|Any CPU.Build.0 = Release|Any CPU
		{6B282428-6397-4924-A57E-F0A76AC7CEEC}.Debug|Any CPU.ActiveCfg = Debug|Any CPU
		{6B282428-6397-4924-A57E-F0A76AC7CEEC}.Debug|Any CPU.Build.0 = Debug|Any CPU
		{6B282428-6397-4924-A57E-F0A76AC7CEEC}.Release|Any CPU.ActiveCfg = Release|Any CPU
		{6B282428-6397-4924-A57E-F0A76AC7CEEC}.Release|Any CPU.Build.0 = Release|Any CPU
		{7C505B70-B5C4-4A4E-A8D0-FA1B1BCD2090}.Debug|Any CPU.ActiveCfg = Debug|Any CPU
		{7C505B70-B5C4-4A4E-A8D0-FA1B1BCD2090}.Debug|Any CPU.Build.0 = Debug|Any CPU
		{7C505B70-B5C4-4A4E-A8D0-FA1B1BCD2090}.Release|Any CPU.ActiveCfg = Release|Any CPU
		{7C505B70-B5C4-4A4E-A8D0-FA1B1BCD2090}.Release|Any CPU.Build.0 = Release|Any CPU
		{D9E47455-7654-4D51-A4DE-0D563C084F0F}.Debug|Any CPU.ActiveCfg = Debug|Any CPU
		{D9E47455-7654-4D51-A4DE-0D563C084F0F}.Debug|Any CPU.Build.0 = Debug|Any CPU
		{D9E47455-7654-4D51-A4DE-0D563C084F0F}.Release|Any CPU.ActiveCfg = Release|Any CPU
		{D9E47455-7654-4D51-A4DE-0D563C084F0F}.Release|Any CPU.Build.0 = Release|Any CPU
	EndGlobalSection
	GlobalSection(SolutionProperties) = preSolution
		HideSolutionNode = FALSE
	EndGlobalSection
	GlobalSection(ExtensibilityGlobals) = postSolution
		SolutionGuid = {30BC0540-1D42-43CB-A35C-FF5A88E8E958}
	EndGlobalSection
EndGlobal
